
Microsoft Visual Studio Solution File, Format Version 12.00
# Visual Studio Version 16
VisualStudioVersion = 16.0.31112.23
MinimumVisualStudioVersion = 10.0.40219.1
Project("{FAE04EC0-301F-11D3-BF4B-00C04F79EFBC}") = "WebApplication1", "WebApplication1\WebApplication1.csproj", "{2D5D7B0A-C059-4800-8800-B454FF67E6E0}"
EndProject
Global
	GlobalSection(SolutionConfigurationPlatforms) = preSolution
		Debug|Any CPU = Debug|Any CPU
		Release|Any CPU = Release|Any CPU
	EndGlobalSection
	GlobalSection(ProjectConfigurationPlatforms) = postSolution
		{2D5D7B0A-C059-4800-8800-B454FF67E6E0}.Debug|Any CPU.ActiveCfg = Debug|Any CPU
		{2D5D7B0A-C059-4800-8800-B454FF67E6E0}.Debug|Any CPU.Build.0 = Debug|Any CPU
		{2D5D7B0A-C059-4800-8800-B454FF67E6E0}.Release|Any CPU.ActiveCfg = Release|Any CPU
		{2D5D7B0A-C059-4800-8800-B454FF67E6E0}.Release|Any CPU.Build.0 = Release|Any CPU
	EndGlobalSection
	GlobalSection(SolutionProperties) = preSolution
		HideSolutionNode = FALSE
	EndGlobalSection
	GlobalSection(ExtensibilityGlobals) = postSolution
		SolutionGuid = {79B28931-375C-4A2F-803A-E89CA9C97330}
	EndGlobalSection
EndGlobal
